
Microsoft Visual Studio Solution File, Format Version 12.00
# Visual Studio Version 17
VisualStudioVersion = 17.4.33110.190
MinimumVisualStudioVersion = 10.0.40219.1
Project("{9A19103F-16F7-4668-BE54-9A1E7A4F7556}") = "DraCraftView", "DraCraftView\DraCraftView.csproj", "{203E49BE-50B8-4D31-812A-2F74DD86C206}"
EndProject
Project("{9A19103F-16F7-4668-BE54-9A1E7A4F7556}") = "DraCraftModel", "DraCraftModel\DraCraftModel.csproj", "{FD6F0E58-CD3F-4349-9893-75CB0F8FDACF}"
EndProject
Project("{FAE04EC0-301F-11D3-BF4B-00C04F79EFBC}") = "DraCraftViewModel", "DraCraftViewModel\DraCraftViewModel.csproj", "{03AE088E-E5F5-40C6-97AE-738E1F2C5785}"
EndProject
Global
	GlobalSection(SolutionConfigurationPlatforms) = preSolution
		Debug|Any CPU = Debug|Any CPU
		Release|Any CPU = Release|Any CPU
	EndGlobalSection
	GlobalSection(ProjectConfigurationPlatforms) = postSolution
		{203E49BE-50B8-4D31-812A-2F74DD86C206}.Debug|Any CPU.ActiveCfg = Debug|Any CPU
		{203E49BE-50B8-4D31-812A-2F74DD86C206}.Debug|Any CPU.Build.0 = Debug|Any CPU
		{203E49BE-50B8-4D31-812A-2F74DD86C206}.Release|Any CPU.ActiveCfg = Release|Any CPU
		{203E49BE-50B8-4D31-812A-2F74DD86C206}.Release|Any CPU.Build.0 = Release|Any CPU
		{FD6F0E58-CD3F-4349-9893-75CB0F8FDACF}.Debug|Any CPU.ActiveCfg = Debug|Any CPU
		{FD6F0E58-CD3F-4349-9893-75CB0F8FDACF}.Debug|Any CPU.Build.0 = Debug|Any CPU
		{FD6F0E58-CD3F-4349-9893-75CB0F8FDACF}.Release|Any CPU.ActiveCfg = Release|Any CPU
		{FD6F0E58-CD3F-4349-9893-75CB0F8FDACF}.Release|Any CPU.Build.0 = Release|Any CPU
		{03AE088E-E5F5-40C6-97AE-738E1F2C5785}.Debug|Any CPU.ActiveCfg = Debug|Any CPU
		{03AE088E-E5F5-40C6-97AE-738E1F2C5785}.Debug|Any CPU.Build.0 = Debug|Any CPU
		{03AE088E-E5F5-40C6-97AE-738E1F2C5785}.Release|Any CPU.ActiveCfg = Release|Any CPU
		{03AE088E-E5F5-40C6-97AE-738E1F2C5785}.Release|Any CPU.Build.0 = Release|Any CPU
	EndGlobalSection
	GlobalSection(SolutionProperties) = preSolution
		HideSolutionNode = FALSE
	EndGlobalSection
	GlobalSection(ExtensibilityGlobals) = postSolution
		SolutionGuid = {4D939818-3CC8-4F70-99C8-F75AABB5B1EE}
	EndGlobalSection
EndGlobal
